{
	"name": "scripts",
	"version": "1.0.0",
	"lockfileVersion": 3,
	"requires": true,
	"packages": {
		"": {
			"name": "scripts",
			"version": "1.0.0",
			"hasInstallScript": true,
			"dependencies": {
				"@napi-rs/canvas": "^1.0.1",
				"@types/node": "^20.10.0",
				"fast-average-color-node": "^3.0.0",
				"pdfjs-dist": "^4.5.136"
			},
			"devDependencies": {
				"tsx": "^4.22.4"
			}
		},
		"node_modules/@emnapi/runtime": {
			"version": "1.11.1",
			"resolved": "https://registry.npmjs.org/@emnapi/runtime/-/runtime-1.11.1.tgz",
			"integrity": "sha512-vgj7R3y3Wgx24IQaGPA/R6YFXLHVMOZ0uVEyIQPaWs+rd1AzfEMXlAC22FYwO1XkKR6NPsq7mUandH8oIRdZFw==",
			"license": "MIT",
			"optional": true,
			"dependencies": {
				"tslib": "^2.4.0"
			}
		},
		"node_modules/@esbuild/aix-ppc64": {
			"version": "0.28.1",
			"resolved": "https://registry.npmjs.org/@esbuild/aix-ppc64/-/aix-ppc64-0.28.1.tgz",
			"integrity": "sha512-Svl7tq8k/08+p6CXPpRjQ1fKX+1odH/BQbb48fV6fj3CWHhsoIOoY87w1oHXm0qEpkIK3ZfVgp0hed3XBXzXMQ==",
			"cpu": [
				"ppc64"
			],
			"dev": true,
			"license": "MIT",
			"optional": true,
			"os": [
				"aix"
			],
			"engines": {
				"node": ">=18"
			}
		},
		"node_modules/@esbuild/android-arm": {
			"version": "0.28.1",
			"resolved": "https://registry.npmjs.org/@esbuild/android-arm/-/android-arm-0.28.1.tgz",
			"integrity": "sha512-0k2F129Xdio1TdJfzJ8sy1Q47vUD2NnwdhiAf7drUN1EBTfPf4hsFCtmMgu/6m8JSzsBrlmVjudMBQqOfG8usQ==",
			"cpu": [
				"arm"
			],
			"dev": true,
			"license": "MIT",
			"optional": true,
			"os": [
				"android"
			],
			"engines": {
				"node": ">=18"
			}
		},
		"node_modules/@esbuild/android-arm64": {
			"version": "0.28.1",
			"resolved": "https://registry.npmjs.org/@esbuild/android-arm64/-/android-arm64-0.28.1.tgz",
			"integrity": "sha512-34EGEbCIAgosYz6goLcopX6Mo7NyGv9tfwEM2/7Ce2VcVRk568iSvniGWcUXIy7wEDR1wzolcxcriFVrWYcwBg==",
			"cpu": [
				"arm64"
			],
			"dev": true,
			"license": "MIT",
			"optional": true,
			"os": [
				"android"
			],
			"engines": {
				"node": ">=18"
			}
		},
		"node_modules/@esbuild/android-x64": {
			"version": "0.28.1",
			"resolved": "https://registry.npmjs.org/@esbuild/android-x64/-/android-x64-0.28.1.tgz",
			"integrity": "sha512-dbwY7ltSMDWsRatcRpCnES4F+im88OCUgGZjy52shC7GqHRE/cYlxNbB4Z4UpJswpcc4Qxd2oE/ufM0p61IKng==",
			"cpu": [
				"x64"
			],
			"dev": true,
			"license": "MIT",
			"optional": true,
			"os": [
				"android"
			],
			"engines": {
				"node": ">=18"
			}
		},
		"node_modules/@esbuild/darwin-arm64": {
			"version": "0.28.1",
			"resolved": "https://registry.npmjs.org/@esbuild/darwin-arm64/-/darwin-arm64-0.28.1.tgz",
			"integrity": "sha512-TZbWkQY7kvTAXbXUT7uVACR5cMHsDiSz9z7ZKAX/RTq/WJEk3QyRr0wZpNhBDX+/0CtdqUIJlOiodQcta6tY3Q==",
			"cpu": [
				"arm64"
			],
			"dev": true,
			"license": "MIT",
			"optional": true,
			"os": [
				"darwin"
			],
			"engines": {
				"node": ">=18"
			}
		},
		"node_modules/@esbuild/darwin-x64": {
			"version": "0.28.1",
			"resolved": "https://registry.npmjs.org/@esbuild/darwin-x64/-/darwin-x64-0.28.1.tgz",
			"integrity": "sha512-zfdzgK9ACBNZLI/CyHTOx81SyNbM6YXn7rxSgX97VjyiPl9W1i4Ka4fgKECEoFCKGpvBj5qArWIGgQjOwkgskQ==",
			"cpu": [
				"x64"
			],
			"dev": true,
			"license": "MIT",
			"optional": true,
			"os": [
				"darwin"
			],
			"engines": {
				"node": ">=18"
			}
		},
		"node_modules/@esbuild/freebsd-arm64": {
			"version": "0.28.1",
			"resolved": "https://registry.npmjs.org/@esbuild/freebsd-arm64/-/freebsd-arm64-0.28.1.tgz",
			"integrity": "sha512-wG2EA8ENdEI0qhkSZMjfqrdY+ziCYCPMmtZjjIwOmXFjmyzEHn+UUxk5of+SYsjtfs3VpnlC7QLzSI5hY/rOAw==",
			"cpu": [
				"arm64"
			],
			"dev": true,
			"license": "MIT",
			"optional": true,
			"os": [
				"freebsd"
			],
			"engines": {
				"node": ">=18"
			}
		},
		"node_modules/@esbuild/freebsd-x64": {
			"version": "0.28.1",
			"resolved": "https://registry.npmjs.org/@esbuild/freebsd-x64/-/freebsd-x64-0.28.1.tgz",
			"integrity": "sha512-i7dZ9vQgnvSCzi/rYCXNgtF/U+eKZNJBzu3eTQbRgHnM7tNSizLOkRFAl3qzVc/Op/u5YkHHa4pf/3DOYHthLQ==",
			"cpu": [
				"x64"
			],
			"dev": true,
			"license": "MIT",
			"optional": true,
			"os": [
				"freebsd"
			],
			"engines": {
				"node": ">=18"
			}
		},
		"node_modules/@esbuild/linux-arm": {
			"version": "0.28.1",
			"resolved": "https://registry.npmjs.org/@esbuild/linux-arm/-/linux-arm-0.28.1.tgz",
			"integrity": "sha512-qVXBOHQS+d5Y722GwJzJUtOLlX7km3CraOaGormF1pDtPd2C/l1SHRPgjLunLGe51Sh5YYWKMFDyV4SxgMQYTQ==",
			"cpu": [
				"arm"
			],
			"dev": true,
			"license": "MIT",
			"optional": true,
			"os": [
				"linux"
			],
			"engines": {
				"node": ">=18"
			}
		},
		"node_modules/@esbuild/linux-arm64": {
			"version": "0.28.1",
			"resolved": "https://registry.npmjs.org/@esbuild/linux-arm64/-/linux-arm64-0.28.1.tgz",
			"integrity": "sha512-yHs+0uc8+nvEAfAfxrWQKK5peSNzBc4PegcMO0EJ2hT71uA7vB8Ihg2e77R2P7SG5uYjPbHlLLmve4LLLRCf0g==",
			"cpu": [
				"arm64"
			],
			"dev": true,
			"license": "MIT",
			"optional": true,
			"os": [
				"linux"
			],
			"engines": {
				"node": ">=18"
			}
		},
		"node_modules/@esbuild/linux-ia32": {
			"version": "0.28.1",
			"resolved": "https://registry.npmjs.org/@esbuild/linux-ia32/-/linux-ia32-0.28.1.tgz",
			"integrity": "sha512-d1z4ZuP0ajrfz/FhGT4vv278rX8KnPPJx8i5+AtK7TYbx9Le9F1hyzurZpkEyjkGa9dUGhQow4C1NmeGvqxN2w==",
			"cpu": [
				"ia32"
			],
			"dev": true,
			"license": "MIT",
			"optional": true,
			"os": [
				"linux"
			],
			"engines": {
				"node": ">=18"
			}
		},
		"node_modules/@esbuild/linux-loong64": {
			"version": "0.28.1",
			"resolved": "https://registry.npmjs.org/@esbuild/linux-loong64/-/linux-loong64-0.28.1.tgz",
			"integrity": "sha512-M5sRjUVZrkm1OAPR3dlOYzNmN+loZKGVi1VUQGrwuqLcbR6qeAz+famMhjASeH3YVKvZz+zT1jlh/keC3Rj/lg==",
			"cpu": [
				"loong64"
			],
			"dev": true,
			"license": "MIT",
			"optional": true,
			"os": [
				"linux"
			],
			"engines": {
				"node": ">=18"
			}
		},
		"node_modules/@esbuild/linux-mips64el": {
			"version": "0.28.1",
			"resolved": "https://registry.npmjs.org/@esbuild/linux-mips64el/-/linux-mips64el-0.28.1.tgz",
			"integrity": "sha512-mRObBZeHh2OxcBFPWE/FjylkRgZdYuiTR3vaTozquCGOH14iP9oN4x4Ge81CoIDYQrXmIxpFumJBu5MtZpnQJQ==",
			"cpu": [
				"mips64el"
			],
			"dev": true,
			"license": "MIT",
			"optional": true,
			"os": [
				"linux"
			],
			"engines": {
				"node": ">=18"
			}
		},
		"node_modules/@esbuild/linux-ppc64": {
			"version": "0.28.1",
			"resolved": "https://registry.npmjs.org/@esbuild/linux-ppc64/-/linux-ppc64-0.28.1.tgz",
			"integrity": "sha512-slScBsMAb3GFDcdrCgLwZtPYRoH2H/youv10QiZyRjmsP48fznoveWytSgCI/R0ZcUgpc0ZhIUEx6LHts8yrfQ==",
			"cpu": [
				"ppc64"
			],
			"dev": true,
			"license": "MIT",
			"optional": true,
			"os": [
				"linux"
			],
			"engines": {
				"node": ">=18"
			}
		},
		"node_modules/@esbuild/linux-riscv64": {
			"version": "0.28.1",
			"resolved": "https://registry.npmjs.org/@esbuild/linux-riscv64/-/linux-riscv64-0.28.1.tgz",
			"integrity": "sha512-kw0owk1o0GFETUJyW0jc0G4Yzs0BHZn0JDZ8JRT088vjJYX777BAs1fDGxAC+q831qOs2DTC96mNsG2opdfyyQ==",
			"cpu": [
				"riscv64"
			],
			"dev": true,
			"license": "MIT",
			"optional": true,
			"os": [
				"linux"
			],
			"engines": {
				"node": ">=18"
			}
		},
		"node_modules/@esbuild/linux-s390x": {
			"version": "0.28.1",
			"resolved": "https://registry.npmjs.org/@esbuild/linux-s390x/-/linux-s390x-0.28.1.tgz",
			"integrity": "sha512-/lAIjX8aYFRByhh6L5rYtPEDRqa9de/4V/juOXcta5frjvzXO4/sqEtyytse0g3zZFuWu5cDN0MkLz2qRDD2Ag==",
			"cpu": [
				"s390x"
			],
			"dev": true,
			"license": "MIT",
			"optional": true,
			"os": [
				"linux"
			],
			"engines": {
				"node": ">=18"
			}
		},
		"node_modules/@esbuild/linux-x64": {
			"version": "0.28.1",
			"resolved": "https://registry.npmjs.org/@esbuild/linux-x64/-/linux-x64-0.28.1.tgz",
			"integrity": "sha512-u/anNYF2mmVOEDwLtnQ1wOr3EZ9sTNGLWrsYGYwHWzGA3Si84IOkHXlbWTD1NB+9/1lcnweYKO54uhxZydNzfA==",
			"cpu": [
				"x64"
			],
			"dev": true,
			"license": "MIT",
			"optional": true,
			"os": [
				"linux"
			],
			"engines": {
				"node": ">=18"
			}
		},
		"node_modules/@esbuild/netbsd-arm64": {
			"version": "0.28.1",
			"resolved": "https://registry.npmjs.org/@esbuild/netbsd-arm64/-/netbsd-arm64-0.28.1.tgz",
			"integrity": "sha512-oks0DYbLwWMmaakTsCb+zL4E+aHRVLom9IJZOAthMQEPiQmydXHkziYEsGYRx0uNV/IjEKGAV941JzH02pflqw==",
			"cpu": [
				"arm64"
			],
			"dev": true,
			"license": "MIT",
			"optional": true,
			"os": [
				"netbsd"
			],
			"engines": {
				"node": ">=18"
			}
		},
		"node_modules/@esbuild/netbsd-x64": {
			"version": "0.28.1",
			"resolved": "https://registry.npmjs.org/@esbuild/netbsd-x64/-/netbsd-x64-0.28.1.tgz",
			"integrity": "sha512-aeL6lAnN89Hz43Mlh1G8ARasbuoYvSITDEx0tHh5b7jJnHcssqgjy9Yx430GDpmCa6OyrKoS0aNRjKundRizGg==",
			"cpu": [
				"x64"
			],
			"dev": true,
			"license": "MIT",
			"optional": true,
			"os": [
				"netbsd"
			],
			"engines": {
				"node": ">=18"
			}
		},
		"node_modules/@esbuild/openbsd-arm64": {
			"version": "0.28.1",
			"resolved": "https://registry.npmjs.org/@esbuild/openbsd-arm64/-/openbsd-arm64-0.28.1.tgz",
			"integrity": "sha512-MEFJe5C3R8pwXdZ5Y21oo6m7ePiS0d9pWucn99O/wvyJZChoIQKrQDxKrGeW8F5+T0okTHesAmDeiHDTIq0V/Q==",
			"cpu": [
				"arm64"
			],
			"dev": true,
			"license": "MIT",
			"optional": true,
			"os": [
				"openbsd"
			],
			"engines": {
				"node": ">=18"
			}
		},
		"node_modules/@esbuild/openbsd-x64": {
			"version": "0.28.1",
			"resolved": "https://registry.npmjs.org/@esbuild/openbsd-x64/-/openbsd-x64-0.28.1.tgz",
			"integrity": "sha512-i/ZLIOafE0Z8cI/XANJAixoJL/uRAoS2xOA3rb0xN+KK0K177cMAsQYkzHtBrtMXAKuAc7HGgcWiZ/sRC1Nxgw==",
			"cpu": [
				"x64"
			],
			"dev": true,
			"license": "MIT",
			"optional": true,
			"os": [
				"openbsd"
			],
			"engines": {
				"node": ">=18"
			}
		},
		"node_modules/@esbuild/openharmony-arm64": {
			"version": "0.28.1",
			"resolved": "https://registry.npmjs.org/@esbuild/openharmony-arm64/-/openharmony-arm64-0.28.1.tgz",
			"integrity": "sha512-ge+Z7EXFNt2BO1oAMsVpiQ8EwndV9i1xXerAeTIK7AtPs3bKFXQM7nlRxDSIUIMeueR1CNXxqztLzdNeReKBJg==",
			"cpu": [
				"arm64"
			],
			"dev": true,
			"license": "MIT",
			"optional": true,
			"os": [
				"openharmony"
			],
			"engines": {
				"node": ">=18"
			}
		},
		"node_modules/@esbuild/sunos-x64": {
			"version": "0.28.1",
			"resolved": "https://registry.npmjs.org/@esbuild/sunos-x64/-/sunos-x64-0.28.1.tgz",
			"integrity": "sha512-BEjgtECkL3vY+SaSQ6nzVfiALUeFxpawyp8Jmf5PtYhf1Ug40N1h/hxlhts+f1FvSvarEigdxS3BlSMI2PJLcQ==",
			"cpu": [
				"x64"
			],
			"dev": true,
			"license": "MIT",
			"optional": true,
			"os": [
				"sunos"
			],
			"engines": {
				"node": ">=18"
			}
		},
		"node_modules/@esbuild/win32-arm64": {
			"version": "0.28.1",
			"resolved": "https://registry.npmjs.org/@esbuild/win32-arm64/-/win32-arm64-0.28.1.tgz",
			"integrity": "sha512-lCv9eK/H6ZJWbE7bh2nw54CZ9M2nupBxJcTsdk/QQnWkdSjKGuxmmH8/GWrlT1eMmZfn4dGcCjRte397WqfQXA==",
			"cpu": [
				"arm64"
			],
			"dev": true,
			"license": "MIT",
			"optional": true,
			"os": [
				"win32"
			],
			"engines": {
				"node": ">=18"
			}
		},
		"node_modules/@esbuild/win32-ia32": {
			"version": "0.28.1",
			"resolved": "https://registry.npmjs.org/@esbuild/win32-ia32/-/win32-ia32-0.28.1.tgz",
			"integrity": "sha512-zvb/mB2bSCoJOpoCBgYKKpX6YM6mJBlBUVUtVj41DlZJVEB6/0CKlRYxP5wWl1C1ILiCoAU5wZZ4q1P3qeS6Eg==",
			"cpu": [
				"ia32"
			],
			"dev": true,
			"license": "MIT",
			"optional": true,
			"os": [
				"win32"
			],
			"engines": {
				"node": ">=18"
			}
		},
		"node_modules/@esbuild/win32-x64": {
			"version": "0.28.1",
			"resolved": "https://registry.npmjs.org/@esbuild/win32-x64/-/win32-x64-0.28.1.tgz",
			"integrity": "sha512-bm4Mowrv+GXMlpWX++EcXw/iLyd1o3+bJkC2DkWXYVvgZCqD/bSj9ctZeAMC3cIxgjRVR2Dufaiu4YPxr5gW1A==",
			"cpu": [
				"x64"
			],
			"dev": true,
			"license": "MIT",
			"optional": true,
			"os": [
				"win32"
			],
			"engines": {
				"node": ">=18"
			}
		},
		"node_modules/@img/colour": {
			"version": "1.1.0",
			"resolved": "https://registry.npmjs.org/@img/colour/-/colour-1.1.0.tgz",
			"integrity": "sha512-Td76q7j57o/tLVdgS746cYARfSyxk8iEfRxewL9h4OMzYhbW4TAcppl0mT4eyqXddh6L/jwoM75mo7ixa/pCeQ==",
			"license": "MIT",
			"engines": {
				"node": ">=18"
			}
		},
		"node_modules/@img/sharp-darwin-arm64": {
			"version": "0.34.5",
			"resolved": "https://registry.npmjs.org/@img/sharp-darwin-arm64/-/sharp-darwin-arm64-0.34.5.tgz",
			"integrity": "sha512-imtQ3WMJXbMY4fxb/Ndp6HBTNVtWCUI0WdobyheGf5+ad6xX8VIDO8u2xE4qc/fr08CKG/7dDseFtn6M6g/r3w==",
			"cpu": [
				"arm64"
			],
			"license": "Apache-2.0",
			"optional": true,
			"os": [
				"darwin"
			],
			"engines": {
				"node": "^18.17.0 || ^20.3.0 || >=21.0.0"
			},
			"funding": {
				"url": "https://opencollective.com/libvips"
			},
			"optionalDependencies": {
				"@img/sharp-libvips-darwin-arm64": "1.2.4"
			}
		},
		"node_modules/@img/sharp-darwin-x64": {
			"version": "0.34.5",
			"resolved": "https://registry.npmjs.org/@img/sharp-darwin-x64/-/sharp-darwin-x64-0.34.5.tgz",
			"integrity": "sha512-YNEFAF/4KQ/PeW0N+r+aVVsoIY0/qxxikF2SWdp+NRkmMB7y9LBZAVqQ4yhGCm/H3H270OSykqmQMKLBhBJDEw==",
			"cpu": [
				"x64"
			],
			"license": "Apache-2.0",
			"optional": true,
			"os": [
				"darwin"
			],
			"engines": {
				"node": "^18.17.0 || ^20.3.0 || >=21.0.0"
			},
			"funding": {
				"url": "https://opencollective.com/libvips"
			},
			"optionalDependencies": {
				"@img/sharp-libvips-darwin-x64": "1.2.4"
			}
		},
		"node_modules/@img/sharp-libvips-darwin-arm64": {
			"version": "1.2.4",
			"resolved": "https://registry.npmjs.org/@img/sharp-libvips-darwin-arm64/-/sharp-libvips-darwin-arm64-1.2.4.tgz",
			"integrity": "sha512-zqjjo7RatFfFoP0MkQ51jfuFZBnVE2pRiaydKJ1G/rHZvnsrHAOcQALIi9sA5co5xenQdTugCvtb1cuf78Vf4g==",
			"cpu": [
				"arm64"
			],
			"license": "LGPL-3.0-or-later",
			"optional": true,
			"os": [
				"darwin"
			],
			"funding": {
				"url": "https://opencollective.com/libvips"
			}
		},
		"node_modules/@img/sharp-libvips-darwin-x64": {
			"version": "1.2.4",
			"resolved": "https://registry.npmjs.org/@img/sharp-libvips-darwin-x64/-/sharp-libvips-darwin-x64-1.2.4.tgz",
			"integrity": "sha512-1IOd5xfVhlGwX+zXv2N93k0yMONvUlANylbJw1eTah8K/Jtpi15KC+WSiaX/nBmbm2HxRM1gZ0nSdjSsrZbGKg==",
			"cpu": [
				"x64"
			],
			"license": "LGPL-3.0-or-later",
			"optional": true,
			"os": [
				"darwin"
			],
			"funding": {
				"url": "https://opencollective.com/libvips"
			}
		},
		"node_modules/@img/sharp-libvips-linux-arm": {
			"version": "1.2.4",
			"resolved": "https://registry.npmjs.org/@img/sharp-libvips-linux-arm/-/sharp-libvips-linux-arm-1.2.4.tgz",
			"integrity": "sha512-bFI7xcKFELdiNCVov8e44Ia4u2byA+l3XtsAj+Q8tfCwO6BQ8iDojYdvoPMqsKDkuoOo+X6HZA0s0q11ANMQ8A==",
			"cpu": [
				"arm"
			],
			"libc": [
				"glibc"
			],
			"license": "LGPL-3.0-or-later",
			"optional": true,
			"os": [
				"linux"
			],
			"funding": {
				"url": "https://opencollective.com/libvips"
			}
		},
		"node_modules/@img/sharp-libvips-linux-arm64": {
			"version": "1.2.4",
			"resolved": "https://registry.npmjs.org/@img/sharp-libvips-linux-arm64/-/sharp-libvips-linux-arm64-1.2.4.tgz",
			"integrity": "sha512-excjX8DfsIcJ10x1Kzr4RcWe1edC9PquDRRPx3YVCvQv+U5p7Yin2s32ftzikXojb1PIFc/9Mt28/y+iRklkrw==",
			"cpu": [
				"arm64"
			],
			"libc": [
				"glibc"
			],
			"license": "LGPL-3.0-or-later",
			"optional": true,
			"os": [
				"linux"
			],
			"funding": {
				"url": "https://opencollective.com/libvips"
			}
		},
		"node_modules/@img/sharp-libvips-linux-ppc64": {
			"version": "1.2.4",
			"resolved": "https://registry.npmjs.org/@img/sharp-libvips-linux-ppc64/-/sharp-libvips-linux-ppc64-1.2.4.tgz",
			"integrity": "sha512-FMuvGijLDYG6lW+b/UvyilUWu5Ayu+3r2d1S8notiGCIyYU/76eig1UfMmkZ7vwgOrzKzlQbFSuQfgm7GYUPpA==",
			"cpu": [
				"ppc64"
			],
			"libc": [
				"glibc"
			],
			"license": "LGPL-3.0-or-later",
			"optional": true,
			"os": [
				"linux"
			],
			"funding": {
				"url": "https://opencollective.com/libvips"
			}
		},
		"node_modules/@img/sharp-libvips-linux-riscv64": {
			"version": "1.2.4",
			"resolved": "https://registry.npmjs.org/@img/sharp-libvips-linux-riscv64/-/sharp-libvips-linux-riscv64-1.2.4.tgz",
			"integrity": "sha512-oVDbcR4zUC0ce82teubSm+x6ETixtKZBh/qbREIOcI3cULzDyb18Sr/Wcyx7NRQeQzOiHTNbZFF1UwPS2scyGA==",
			"cpu": [
				"riscv64"
			],
			"libc": [
				"glibc"
			],
			"license": "LGPL-3.0-or-later",
			"optional": true,
			"os": [
				"linux"
			],
			"funding": {
				"url": "https://opencollective.com/libvips"
			}
		},
		"node_modules/@img/sharp-libvips-linux-s390x": {
			"version": "1.2.4",
			"resolved": "https://registry.npmjs.org/@img/sharp-libvips-linux-s390x/-/sharp-libvips-linux-s390x-1.2.4.tgz",
			"integrity": "sha512-qmp9VrzgPgMoGZyPvrQHqk02uyjA0/QrTO26Tqk6l4ZV0MPWIW6LTkqOIov+J1yEu7MbFQaDpwdwJKhbJvuRxQ==",
			"cpu": [
				"s390x"
			],
			"libc": [
				"glibc"
			],
			"license": "LGPL-3.0-or-later",
			"optional": true,
			"os": [
				"linux"
			],
			"funding": {
				"url": "https://opencollective.com/libvips"
			}
		},
		"node_modules/@img/sharp-libvips-linux-x64": {
			"version": "1.2.4",
			"resolved": "https://registry.npmjs.org/@img/sharp-libvips-linux-x64/-/sharp-libvips-linux-x64-1.2.4.tgz",
			"integrity": "sha512-tJxiiLsmHc9Ax1bz3oaOYBURTXGIRDODBqhveVHonrHJ9/+k89qbLl0bcJns+e4t4rvaNBxaEZsFtSfAdquPrw==",
			"cpu": [
				"x64"
			],
			"libc": [
				"glibc"
			],
			"license": "LGPL-3.0-or-later",
			"optional": true,
			"os": [
				"linux"
			],
			"funding": {
				"url": "https://opencollective.com/libvips"
			}
		},
		"node_modules/@img/sharp-libvips-linuxmusl-arm64": {
			"version": "1.2.4",
			"resolved": "https://registry.npmjs.org/@img/sharp-libvips-linuxmusl-arm64/-/sharp-libvips-linuxmusl-arm64-1.2.4.tgz",
			"integrity": "sha512-FVQHuwx1IIuNow9QAbYUzJ+En8KcVm9Lk5+uGUQJHaZmMECZmOlix9HnH7n1TRkXMS0pGxIJokIVB9SuqZGGXw==",
			"cpu": [
				"arm64"
			],
			"libc": [
				"musl"
			],
			"license": "LGPL-3.0-or-later",
			"optional": true,
			"os": [
				"linux"
			],
			"funding": {
				"url": "https://opencollective.com/libvips"
			}
		},
		"node_modules/@img/sharp-libvips-linuxmusl-x64": {
			"version": "1.2.4",
			"resolved": "https://registry.npmjs.org/@img/sharp-libvips-linuxmusl-x64/-/sharp-libvips-linuxmusl-x64-1.2.4.tgz",
			"integrity": "sha512-+LpyBk7L44ZIXwz/VYfglaX/okxezESc6UxDSoyo2Ks6Jxc4Y7sGjpgU9s4PMgqgjj1gZCylTieNamqA1MF7Dg==",
			"cpu": [
				"x64"
			],
			"libc": [
				"musl"
			],
			"license": "LGPL-3.0-or-later",
			"optional": true,
			"os": [
				"linux"
			],
			"funding": {
				"url": "https://opencollective.com/libvips"
			}
		},
		"node_modules/@img/sharp-linux-arm": {
			"version": "0.34.5",
			"resolved": "https://registry.npmjs.org/@img/sharp-linux-arm/-/sharp-linux-arm-0.34.5.tgz",
			"integrity": "sha512-9dLqsvwtg1uuXBGZKsxem9595+ujv0sJ6Vi8wcTANSFpwV/GONat5eCkzQo/1O6zRIkh0m/8+5BjrRr7jDUSZw==",
			"cpu": [
				"arm"
			],
			"libc": [
				"glibc"
			],
			"license": "Apache-2.0",
			"optional": true,
			"os": [
				"linux"
			],
			"engines": {
				"node": "^18.17.0 || ^20.3.0 || >=21.0.0"
			},
			"funding": {
				"url": "https://opencollective.com/libvips"
			},
			"optionalDependencies": {
				"@img/sharp-libvips-linux-arm": "1.2.4"
			}
		},
		"node_modules/@img/sharp-linux-arm64": {
			"version": "0.34.5",
			"resolved": "https://registry.npmjs.org/@img/sharp-linux-arm64/-/sharp-linux-arm64-0.34.5.tgz",
			"integrity": "sha512-bKQzaJRY/bkPOXyKx5EVup7qkaojECG6NLYswgktOZjaXecSAeCWiZwwiFf3/Y+O1HrauiE3FVsGxFg8c24rZg==",
			"cpu": [
				"arm64"
			],
			"libc": [
				"glibc"
			],
			"license": "Apache-2.0",
			"optional": true,
			"os": [
				"linux"
			],
			"engines": {
				"node": "^18.17.0 || ^20.3.0 || >=21.0.0"
			},
			"funding": {
				"url": "https://opencollective.com/libvips"
			},
			"optionalDependencies": {
				"@img/sharp-libvips-linux-arm64": "1.2.4"
			}
		},
		"node_modules/@img/sharp-linux-ppc64": {
			"version": "0.34.5",
			"resolved": "https://registry.npmjs.org/@img/sharp-linux-ppc64/-/sharp-linux-ppc64-0.34.5.tgz",
			"integrity": "sha512-7zznwNaqW6YtsfrGGDA6BRkISKAAE1Jo0QdpNYXNMHu2+0dTrPflTLNkpc8l7MUP5M16ZJcUvysVWWrMefZquA==",
			"cpu": [
				"ppc64"
			],
			"libc": [
				"glibc"
			],
			"license": "Apache-2.0",
			"optional": true,
			"os": [
				"linux"
			],
			"engines": {
				"node": "^18.17.0 || ^20.3.0 || >=21.0.0"
			},
			"funding": {
				"url": "https://opencollective.com/libvips"
			},
			"optionalDependencies": {
				"@img/sharp-libvips-linux-ppc64": "1.2.4"
			}
		},
		"node_modules/@img/sharp-linux-riscv64": {
			"version": "0.34.5",
			"resolved": "https://registry.npmjs.org/@img/sharp-linux-riscv64/-/sharp-linux-riscv64-0.34.5.tgz",
			"integrity": "sha512-51gJuLPTKa7piYPaVs8GmByo7/U7/7TZOq+cnXJIHZKavIRHAP77e3N2HEl3dgiqdD/w0yUfiJnII77PuDDFdw==",
			"cpu": [
				"riscv64"
			],
			"libc": [
				"glibc"
			],
			"license": "Apache-2.0",
			"optional": true,
			"os": [
				"linux"
			],
			"engines": {
				"node": "^18.17.0 || ^20.3.0 || >=21.0.0"
			},
			"funding": {
				"url": "https://opencollective.com/libvips"
			},
			"optionalDependencies": {
				"@img/sharp-libvips-linux-riscv64": "1.2.4"
			}
		},
		"node_modules/@img/sharp-linux-s390x": {
			"version": "0.34.5",
			"resolved": "https://registry.npmjs.org/@img/sharp-linux-s390x/-/sharp-linux-s390x-0.34.5.tgz",
			"integrity": "sha512-nQtCk0PdKfho3eC5MrbQoigJ2gd1CgddUMkabUj+rBevs8tZ2cULOx46E7oyX+04WGfABgIwmMC0VqieTiR4jg==",
			"cpu": [
				"s390x"
			],
			"libc": [
				"glibc"
			],
			"license": "Apache-2.0",
			"optional": true,
			"os": [
				"linux"
			],
			"engines": {
				"node": "^18.17.0 || ^20.3.0 || >=21.0.0"
			},
			"funding": {
				"url": "https://opencollective.com/libvips"
			},
			"optionalDependencies": {
				"@img/sharp-libvips-linux-s390x": "1.2.4"
			}
		},
		"node_modules/@img/sharp-linux-x64": {
			"version": "0.34.5",
			"resolved": "https://registry.npmjs.org/@img/sharp-linux-x64/-/sharp-linux-x64-0.34.5.tgz",
			"integrity": "sha512-MEzd8HPKxVxVenwAa+JRPwEC7QFjoPWuS5NZnBt6B3pu7EG2Ge0id1oLHZpPJdn3OQK+BQDiw9zStiHBTJQQQQ==",
			"cpu": [
				"x64"
			],
			"libc": [
				"glibc"
			],
			"license": "Apache-2.0",
			"optional": true,
			"os": [
				"linux"
			],
			"engines": {
				"node": "^18.17.0 || ^20.3.0 || >=21.0.0"
			},
			"funding": {
				"url": "https://opencollective.com/libvips"
			},
			"optionalDependencies": {
				"@img/sharp-libvips-linux-x64": "1.2.4"
			}
		},
		"node_modules/@img/sharp-linuxmusl-arm64": {
			"version": "0.34.5",
			"resolved": "https://registry.npmjs.org/@img/sharp-linuxmusl-arm64/-/sharp-linuxmusl-arm64-0.34.5.tgz",
			"integrity": "sha512-fprJR6GtRsMt6Kyfq44IsChVZeGN97gTD331weR1ex1c1rypDEABN6Tm2xa1wE6lYb5DdEnk03NZPqA7Id21yg==",
			"cpu": [
				"arm64"
			],
			"libc": [
				"musl"
			],
			"license": "Apache-2.0",
			"optional": true,
			"os": [
				"linux"
			],
			"engines": {
				"node": "^18.17.0 || ^20.3.0 || >=21.0.0"
			},
			"funding": {
				"url": "https://opencollective.com/libvips"
			},
			"optionalDependencies": {
				"@img/sharp-libvips-linuxmusl-arm64": "1.2.4"
			}
		},
		"node_modules/@img/sharp-linuxmusl-x64": {
			"version": "0.34.5",
			"resolved": "https://registry.npmjs.org/@img/sharp-linuxmusl-x64/-/sharp-linuxmusl-x64-0.34.5.tgz",
			"integrity": "sha512-Jg8wNT1MUzIvhBFxViqrEhWDGzqymo3sV7z7ZsaWbZNDLXRJZoRGrjulp60YYtV4wfY8VIKcWidjojlLcWrd8Q==",
			"cpu": [
				"x64"
			],
			"libc": [
				"musl"
			],
			"license": "Apache-2.0",
			"optional": true,
			"os": [
				"linux"
			],
			"engines": {
				"node": "^18.17.0 || ^20.3.0 || >=21.0.0"
			},
			"funding": {
				"url": "https://opencollective.com/libvips"
			},
			"optionalDependencies": {
				"@img/sharp-libvips-linuxmusl-x64": "1.2.4"
			}
		},
		"node_modules/@img/sharp-wasm32": {
			"version": "0.34.5",
			"resolved": "https://registry.npmjs.org/@img/sharp-wasm32/-/sharp-wasm32-0.34.5.tgz",
			"integrity": "sha512-OdWTEiVkY2PHwqkbBI8frFxQQFekHaSSkUIJkwzclWZe64O1X4UlUjqqqLaPbUpMOQk6FBu/HtlGXNblIs0huw==",
			"cpu": [
				"wasm32"
			],
			"license": "Apache-2.0 AND LGPL-3.0-or-later AND MIT",
			"optional": true,
			"dependencies": {
				"@emnapi/runtime": "^1.7.0"
			},
			"engines": {
				"node": "^18.17.0 || ^20.3.0 || >=21.0.0"
			},
			"funding": {
				"url": "https://opencollective.com/libvips"
			}
		},
		"node_modules/@img/sharp-win32-arm64": {
			"version": "0.34.5",
			"resolved": "https://registry.npmjs.org/@img/sharp-win32-arm64/-/sharp-win32-arm64-0.34.5.tgz",
			"integrity": "sha512-WQ3AgWCWYSb2yt+IG8mnC6Jdk9Whs7O0gxphblsLvdhSpSTtmu69ZG1Gkb6NuvxsNACwiPV6cNSZNzt0KPsw7g==",
			"cpu": [
				"arm64"
			],
			"license": "Apache-2.0 AND LGPL-3.0-or-later",
			"optional": true,
			"os": [
				"win32"
			],
			"engines": {
				"node": "^18.17.0 || ^20.3.0 || >=21.0.0"
			},
			"funding": {
				"url": "https://opencollective.com/libvips"
			}
		},
		"node_modules/@img/sharp-win32-ia32": {
			"version": "0.34.5",
			"resolved": "https://registry.npmjs.org/@img/sharp-win32-ia32/-/sharp-win32-ia32-0.34.5.tgz",
			"integrity": "sha512-FV9m/7NmeCmSHDD5j4+4pNI8Cp3aW+JvLoXcTUo0IqyjSfAZJ8dIUmijx1qaJsIiU+Hosw6xM5KijAWRJCSgNg==",
			"cpu": [
				"ia32"
			],
			"license": "Apache-2.0 AND LGPL-3.0-or-later",
			"optional": true,
			"os": [
				"win32"
			],
			"engines": {
				"node": "^18.17.0 || ^20.3.0 || >=21.0.0"
			},
			"funding": {
				"url": "https://opencollective.com/libvips"
			}
		},
		"node_modules/@img/sharp-win32-x64": {
			"version": "0.34.5",
			"resolved": "https://registry.npmjs.org/@img/sharp-win32-x64/-/sharp-win32-x64-0.34.5.tgz",
			"integrity": "sha512-+29YMsqY2/9eFEiW93eqWnuLcWcufowXewwSNIT6UwZdUUCrM3oFjMWH/Z6/TMmb4hlFenmfAVbpWeup2jryCw==",
			"cpu": [
				"x64"
			],
			"license": "Apache-2.0 AND LGPL-3.0-or-later",
			"optional": true,
			"os": [
				"win32"
			],
			"engines": {
				"node": "^18.17.0 || ^20.3.0 || >=21.0.0"
			},
			"funding": {
				"url": "https://opencollective.com/libvips"
			}
		},
		"node_modules/@napi-rs/canvas": {
			"version": "1.0.1",
			"resolved": "https://registry.npmjs.org/@napi-rs/canvas/-/canvas-1.0.1.tgz",
			"integrity": "sha512-mPD43G7pXbQhIGa7z4IpT/vXm1jbF8cBM1oY5UqjL8LSaTCNGhNi2Lidc/0+LwKbNiqbv/Tq0JlBRwKu+LW3iw==",
			"license": "MIT",
			"workspaces": [
				"e2e/*"
			],
			"engines": {
				"node": ">= 10"
			},
			"funding": {
				"type": "github",
				"url": "https://github.com/sponsors/Brooooooklyn"
			},
			"optionalDependencies": {
				"@napi-rs/canvas-android-arm64": "1.0.1",
				"@napi-rs/canvas-darwin-arm64": "1.0.1",
				"@napi-rs/canvas-darwin-x64": "1.0.1",
				"@napi-rs/canvas-linux-arm-gnueabihf": "1.0.1",
				"@napi-rs/canvas-linux-arm64-gnu": "1.0.1",
				"@napi-rs/canvas-linux-arm64-musl": "1.0.1",
				"@napi-rs/canvas-linux-riscv64-gnu": "1.0.1",
				"@napi-rs/canvas-linux-x64-gnu": "1.0.1",
				"@napi-rs/canvas-linux-x64-musl": "1.0.1",
				"@napi-rs/canvas-win32-arm64-msvc": "1.0.1",
				"@napi-rs/canvas-win32-x64-msvc": "1.0.1"
			}
		},
		"node_modules/@napi-rs/canvas-android-arm64": {
			"version": "1.0.1",
			"resolved": "https://registry.npmjs.org/@napi-rs/canvas-android-arm64/-/canvas-android-arm64-1.0.1.tgz",
			"integrity": "sha512-d7ZCwJsgH4QNG50C7HQeVRsRG1gRDa1UeDUb1jEcqgLuiEJp6GVbGiZkFXPlmt0dEs2QHRQCPJoOv+bOkSQR/w==",
			"cpu": [
				"arm64"
			],
			"license": "MIT",
			"optional": true,
			"os": [
				"android"
			],
			"engines": {
				"node": ">= 10"
			},
			"funding": {
				"type": "github",
				"url": "https://github.com/sponsors/Brooooooklyn"
			}
		},
		"node_modules/@napi-rs/canvas-darwin-arm64": {
			"version": "1.0.1",
			"resolved": "https://registry.npmjs.org/@napi-rs/canvas-darwin-arm64/-/canvas-darwin-arm64-1.0.1.tgz",
			"integrity": "sha512-ppyVSzIHsVldc3B++mdh03ed0Q0hoVR2QDG9O/wEUR0PurJKwDEEYV87uBQDpbSumJBfLEINDndsOPzQj71qEQ==",
			"cpu": [
				"arm64"
			],
			"license": "MIT",
			"optional": true,
			"os": [
				"darwin"
			],
			"engines": {
				"node": ">= 10"
			},
			"funding": {
				"type": "github",
				"url": "https://github.com/sponsors/Brooooooklyn"
			}
		},
		"node_modules/@napi-rs/canvas-darwin-x64": {
			"version": "1.0.1",
			"resolved": "https://registry.npmjs.org/@napi-rs/canvas-darwin-x64/-/canvas-darwin-x64-1.0.1.tgz",
			"integrity": "sha512-/BlXif9VOzf/WP32g9zxl612dO0KLvwqplBFqfRcyr3PyR5fhPrilTuJxSBq3zkwCKGKy82JsoPd2JeQI/HBlA==",
			"cpu": [
				"x64"
			],
			"license": "MIT",
			"optional": true,
			"os": [
				"darwin"
			],
			"engines": {
				"node": ">= 10"
			},
			"funding": {
				"type": "github",
				"url": "https://github.com/sponsors/Brooooooklyn"
			}
		},
		"node_modules/@napi-rs/canvas-linux-arm-gnueabihf": {
			"version": "1.0.1",
			"resolved": "https://registry.npmjs.org/@napi-rs/canvas-linux-arm-gnueabihf/-/canvas-linux-arm-gnueabihf-1.0.1.tgz",
			"integrity": "sha512-JTGq93/Pje+iSNVjL+ggB0+pqEfu7nXvQGrHTvugz+Lp08wCDa5rjov4JeEljGDk16/inVBU9sp4N9f0/+o+9A==",
			"cpu": [
				"arm"
			],
			"license": "MIT",
			"optional": true,
			"os": [
				"linux"
			],
			"engines": {
				"node": ">= 10"
			},
			"funding": {
				"type": "github",
				"url": "https://github.com/sponsors/Brooooooklyn"
			}
		},
		"node_modules/@napi-rs/canvas-linux-arm64-gnu": {
			"version": "1.0.1",
			"resolved": "https://registry.npmjs.org/@napi-rs/canvas-linux-arm64-gnu/-/canvas-linux-arm64-gnu-1.0.1.tgz",
			"integrity": "sha512-i74zqEh5yFmYwHkszFo+4EH4l5ATD4bSlJG21iW2j5kpqiN2b0WN9SG/xdq2O60MjZK0ZLSu3a/Z3aQAsmDQ5A==",
			"cpu": [
				"arm64"
			],
			"libc": [
				"glibc"
			],
			"license": "MIT",
			"optional": true,
			"os": [
				"linux"
			],
			"engines": {
				"node": ">= 10"
			},
			"funding": {
				"type": "github",
				"url": "https://github.com/sponsors/Brooooooklyn"
			}
		},
		"node_modules/@napi-rs/canvas-linux-arm64-musl": {
			"version": "1.0.1",
			"resolved": "https://registry.npmjs.org/@napi-rs/canvas-linux-arm64-musl/-/canvas-linux-arm64-musl-1.0.1.tgz",
			"integrity": "sha512-COqBxybXcKb6gNgEhjh04rPHrpsJB+n/5+p4ySPgQWl0i+xVNYHn4rvzCtUBIFqOgY6HEJ9UaP6c4W9EMwzfpQ==",
			"cpu": [
				"arm64"
			],
			"libc": [
				"musl"
			],
			"license": "MIT",
			"optional": true,
			"os": [
				"linux"
			],
			"engines": {
				"node": ">= 10"
			},
			"funding": {
				"type": "github",
				"url": "https://github.com/sponsors/Brooooooklyn"
			}
		},
		"node_modules/@napi-rs/canvas-linux-riscv64-gnu": {
			"version": "1.0.1",
			"resolved": "https://registry.npmjs.org/@napi-rs/canvas-linux-riscv64-gnu/-/canvas-linux-riscv64-gnu-1.0.1.tgz",
			"integrity": "sha512-1vdAZGpD85lMUo7K3qtEdoIWeMc0xcpUD5PagK3fVcMSdf8dkSL5bg/KE4Rwv5NF+PYx4plrgfn0KRMOqdKtwA==",
			"cpu": [
				"riscv64"
			],
			"libc": [
				"glibc"
			],
			"license": "MIT",
			"optional": true,
			"os": [
				"linux"
			],
			"engines": {
				"node": ">= 10"
			},
			"funding": {
				"type": "github",
				"url": "https://github.com/sponsors/Brooooooklyn"
			}
		},
		"node_modules/@napi-rs/canvas-linux-x64-gnu": {
			"version": "1.0.1",
			"resolved": "https://registry.npmjs.org/@napi-rs/canvas-linux-x64-gnu/-/canvas-linux-x64-gnu-1.0.1.tgz",
			"integrity": "sha512-W/iC2qJZGqKKQJ0JrNo3QkhoAy/PvzlmdYLW8Yz5/L6XgT5d7t26dnqgP2rCbL58P3CbPw7ES0Rz8OG0gn7JeQ==",
			"cpu": [
				"x64"
			],
			"libc": [
				"glibc"
			],
			"license": "MIT",
			"optional": true,
			"os": [
				"linux"
			],
			"engines": {
				"node": ">= 10"
			},
			"funding": {
				"type": "github",
				"url": "https://github.com/sponsors/Brooooooklyn"
			}
		},
		"node_modules/@napi-rs/canvas-linux-x64-musl": {
			"version": "1.0.1",
			"resolved": "https://registry.npmjs.org/@napi-rs/canvas-linux-x64-musl/-/canvas-linux-x64-musl-1.0.1.tgz",
			"integrity": "sha512-a5mmIVwxF92UGUe+1c7Ap32ZRnApbRMnQC/KgYyFB0AXZShBCHVGaURq+BDkiV7jvHhVwvvAP0Q/3aWNhqgVZg==",
			"cpu": [
				"x64"
			],
			"libc": [
				"musl"
			],
			"license": "MIT",
			"optional": true,
			"os": [
				"linux"
			],
			"engines": {
				"node": ">= 10"
			},
			"funding": {
				"type": "github",
				"url": "https://github.com/sponsors/Brooooooklyn"
			}
		},
		"node_modules/@napi-rs/canvas-win32-arm64-msvc": {
			"version": "1.0.1",
			"resolved": "https://registry.npmjs.org/@napi-rs/canvas-win32-arm64-msvc/-/canvas-win32-arm64-msvc-1.0.1.tgz",
			"integrity": "sha512-rVnDhVvcXlqcHMsgnxxhZgdRkRIqVBlx+FJwSAHi4VbWWwsowvV5ldFEecEHD2+Ac/IL3fNWF/LB5CZTghNwRA==",
			"cpu": [
				"arm64"
			],
			"license": "MIT",
			"optional": true,
			"os": [
				"win32"
			],
			"engines": {
				"node": ">= 10"
			},
			"funding": {
				"type": "github",
				"url": "https://github.com/sponsors/Brooooooklyn"
			}
		},
		"node_modules/@napi-rs/canvas-win32-x64-msvc": {
			"version": "1.0.1",
			"resolved": "https://registry.npmjs.org/@napi-rs/canvas-win32-x64-msvc/-/canvas-win32-x64-msvc-1.0.1.tgz",
			"integrity": "sha512-UMstkP/nZHbithgdSJv1EvYVrYhdao5B5N3szMVU2i5/b6ijMcVPXOEyrk0QXl0iPjv8Hkoow+Tap+MiOxppOQ==",
			"cpu": [
				"x64"
			],
			"license": "MIT",
			"optional": true,
			"os": [
				"win32"
			],
			"engines": {
				"node": ">= 10"
			},
			"funding": {
				"type": "github",
				"url": "https://github.com/sponsors/Brooooooklyn"
			}
		},
		"node_modules/@types/node": {
			"version": "20.19.43",
			"resolved": "https://registry.npmjs.org/@types/node/-/node-20.19.43.tgz",
			"integrity": "sha512-6oYBAi5ikg4Pl+kGsoYtawUMBT2zZMCvPNF7pVLnHZfd1zf38DRiWn/gT01RYCdUqkv7Fhr+C9ot4/tb+2sVvA==",
			"license": "MIT",
			"dependencies": {
				"undici-types": "~6.21.0"
			}
		},
		"node_modules/detect-libc": {
			"version": "2.1.2",
			"resolved": "https://registry.npmjs.org/detect-libc/-/detect-libc-2.1.2.tgz",
			"integrity": "sha512-Btj2BOOO83o3WyH59e8MgXsxEQVcarkUOpEYrubB0urwnN10yQ364rsiByU11nZlqWYZm05i/of7io4mzihBtQ==",
			"license": "Apache-2.0",
			"engines": {
				"node": ">=8"
			}
		},
		"node_modules/esbuild": {
			"version": "0.28.1",
			"resolved": "https://registry.npmjs.org/esbuild/-/esbuild-0.28.1.tgz",
			"integrity": "sha512-HrJrvZv5ayxBzPfwphOoNzkzOIIlifzk0KJrGK2c8R4+LKpMtpYLQeUdjnwjWv/LZlkH2laZk+4w78pi99D4Vw==",
			"dev": true,
			"hasInstallScript": true,
			"license": "MIT",
			"bin": {
				"esbuild": "bin/esbuild"
			},
			"engines": {
				"node": ">=18"
			},
			"optionalDependencies": {
				"@esbuild/aix-ppc64": "0.28.1",
				"@esbuild/android-arm": "0.28.1",
				"@esbuild/android-arm64": "0.28.1",
				"@esbuild/android-x64": "0.28.1",
				"@esbuild/darwin-arm64": "0.28.1",
				"@esbuild/darwin-x64": "0.28.1",
				"@esbuild/freebsd-arm64": "0.28.1",
				"@esbuild/freebsd-x64": "0.28.1",
				"@esbuild/linux-arm": "0.28.1",
				"@esbuild/linux-arm64": "0.28.1",
				"@esbuild/linux-ia32": "0.28.1",
				"@esbuild/linux-loong64": "0.28.1",
				"@esbuild/linux-mips64el": "0.28.1",
				"@esbuild/linux-ppc64": "0.28.1",
				"@esbuild/linux-riscv64": "0.28.1",
				"@esbuild/linux-s390x": "0.28.1",
				"@esbuild/linux-x64": "0.28.1",
				"@esbuild/netbsd-arm64": "0.28.1",
				"@esbuild/netbsd-x64": "0.28.1",
				"@esbuild/openbsd-arm64": "0.28.1",
				"@esbuild/openbsd-x64": "0.28.1",
				"@esbuild/openharmony-arm64": "0.28.1",
				"@esbuild/sunos-x64": "0.28.1",
				"@esbuild/win32-arm64": "0.28.1",
				"@esbuild/win32-ia32": "0.28.1",
				"@esbuild/win32-x64": "0.28.1"
			}
		},
		"node_modules/fast-average-color": {
			"version": "9.5.2",
			"resolved": "https://registry.npmjs.org/fast-average-color/-/fast-average-color-9.5.2.tgz",
			"integrity": "sha512-FbaU8iPTPljP7tmnVhXbCyASNw/zxnmaNDf88gn5pTXlNvejl9w4FapeWMh6UNDwIjhJJU28EPfQWwW032YgPA==",
			"license": "MIT",
			"engines": {
				"node": ">= 12"
			}
		},
		"node_modules/fast-average-color-node": {
			"version": "3.2.0",
			"resolved": "https://registry.npmjs.org/fast-average-color-node/-/fast-average-color-node-3.2.0.tgz",
			"integrity": "sha512-vXHrwbe3znQnqctHlzpBFamOjR2rxaQy+3cvXzjuPAA13/dNGxl5WmAFXjS4lq71o06wzvV//SGt98awhk8H+A==",
			"license": "MIT",
			"dependencies": {
				"fast-average-color": "^9.5.0",
				"sharp": "^0.34.5"
			},
			"engines": {
				"node": "^18.17.0 || ^20.3.0 || >=21.0.0"
			}
		},
		"node_modules/fsevents": {
			"version": "2.3.3",
			"resolved": "https://registry.npmjs.org/fsevents/-/fsevents-2.3.3.tgz",
			"integrity": "sha512-5xoDfX+fL7faATnagmWPpbFtwh/R77WmMMqqHGS65C3vvB0YHrgF+B1YmZ3441tMj5n63k0212XNoJwzlhffQw==",
			"dev": true,
			"hasInstallScript": true,
			"license": "MIT",
			"optional": true,
			"os": [
				"darwin"
			],
			"engines": {
				"node": "^8.16.0 || ^10.6.0 || >=11.0.0"
			}
		},
		"node_modules/pdfjs-dist": {
			"version": "4.10.38",
			"resolved": "https://registry.npmjs.org/pdfjs-dist/-/pdfjs-dist-4.10.38.tgz",
			"integrity": "sha512-/Y3fcFrXEAsMjJXeL9J8+ZG9U01LbuWaYypvDW2ycW1jL269L3js3DVBjDJ0Up9Np1uqDXsDrRihHANhZOlwdQ==",
			"license": "Apache-2.0",
			"engines": {
				"node": ">=20"
			},
			"optionalDependencies": {
				"@napi-rs/canvas": "^0.1.65"
			}
		},
		"node_modules/pdfjs-dist/node_modules/@napi-rs/canvas": {
			"version": "0.1.100",
			"resolved": "https://registry.npmjs.org/@napi-rs/canvas/-/canvas-0.1.100.tgz",
			"integrity": "sha512-xglYA6q3XO5P3BNJYxVZ1IV7DLVjp1Py6nwag88YntrS+3vKHyYcMqXVS4ZztJmwz2uGvz1FWhI/4LgbR5uQDA==",
			"license": "MIT",
			"optional": true,
			"workspaces": [
				"e2e/*"
			],
			"engines": {
				"node": ">= 10"
			},
			"funding": {
				"type": "github",
				"url": "https://github.com/sponsors/Brooooooklyn"
			},
			"optionalDependencies": {
				"@napi-rs/canvas-android-arm64": "0.1.100",
				"@napi-rs/canvas-darwin-arm64": "0.1.100",
				"@napi-rs/canvas-darwin-x64": "0.1.100",
				"@napi-rs/canvas-linux-arm-gnueabihf": "0.1.100",
				"@napi-rs/canvas-linux-arm64-gnu": "0.1.100",
				"@napi-rs/canvas-linux-arm64-musl": "0.1.100",
				"@napi-rs/canvas-linux-riscv64-gnu": "0.1.100",
				"@napi-rs/canvas-linux-x64-gnu": "0.1.100",
				"@napi-rs/canvas-linux-x64-musl": "0.1.100",
				"@napi-rs/canvas-win32-arm64-msvc": "0.1.100",
				"@napi-rs/canvas-win32-x64-msvc": "0.1.100"
			}
		},
		"node_modules/pdfjs-dist/node_modules/@napi-rs/canvas-android-arm64": {
			"version": "0.1.100",
			"resolved": "https://registry.npmjs.org/@napi-rs/canvas-android-arm64/-/canvas-android-arm64-0.1.100.tgz",
			"integrity": "sha512-hjhCKhntPv9+t4ckHymdx0phYNcVW+GKQR6Lzw2zE+pOVjOplSmtx9nNNknTjbEDLcuLZqA1y8ufKg1XfgftzQ==",
			"cpu": [
				"arm64"
			],
			"license": "MIT",
			"optional": true,
			"os": [
				"android"
			],
			"engines": {
				"node": ">= 10"
			},
			"funding": {
				"type": "github",
				"url": "https://github.com/sponsors/Brooooooklyn"
			}
		},
		"node_modules/pdfjs-dist/node_modules/@napi-rs/canvas-darwin-arm64": {
			"version": "0.1.100",
			"resolved": "https://registry.npmjs.org/@napi-rs/canvas-darwin-arm64/-/canvas-darwin-arm64-0.1.100.tgz",
			"integrity": "sha512-2PcswRaC7Ly645DGt88///zuFDhJxJYdKAs1uU3mfk1atYkXufgcgLfBpk6Tm12nCQBaNt1wpybuPZ4qOhTo8A==",
			"cpu": [
				"arm64"
			],
			"license": "MIT",
			"optional": true,
			"os": [
				"darwin"
			],
			"engines": {
				"node": ">= 10"
			},
			"funding": {
				"type": "github",
				"url": "https://github.com/sponsors/Brooooooklyn"
			}
		},
		"node_modules/pdfjs-dist/node_modules/@napi-rs/canvas-darwin-x64": {
			"version": "0.1.100",
			"resolved": "https://registry.npmjs.org/@napi-rs/canvas-darwin-x64/-/canvas-darwin-x64-0.1.100.tgz",
			"integrity": "sha512-ePNZtj7pNIva/siZMg+HmbeozkIjqUIYdoymH8HaA3qK7LfzFN4WMBM8G6HQ9ZC+H3+Dnn5pqtiXpgLykaPOhw==",
			"cpu": [
				"x64"
			],
			"license": "MIT",
			"optional": true,
			"os": [
				"darwin"
			],
			"engines": {
				"node": ">= 10"
			},
			"funding": {
				"type": "github",
				"url": "https://github.com/sponsors/Brooooooklyn"
			}
		},
		"node_modules/pdfjs-dist/node_modules/@napi-rs/canvas-linux-arm-gnueabihf": {
			"version": "0.1.100",
			"resolved": "https://registry.npmjs.org/@napi-rs/canvas-linux-arm-gnueabihf/-/canvas-linux-arm-gnueabihf-0.1.100.tgz",
			"integrity": "sha512-d5cDB48oWFGU8/XPhUOFAlySgb/VAu7D+s8fi55K1Pcfg8aPplHWqMgibhVLU8ky7Pyg/fuiVLz4Nf3JrSTuUA==",
			"cpu": [
				"arm"
			],
			"license": "MIT",
			"optional": true,
			"os": [
				"linux"
			],
			"engines": {
				"node": ">= 10"
			},
			"funding": {
				"type": "github",
				"url": "https://github.com/sponsors/Brooooooklyn"
			}
		},
		"node_modules/pdfjs-dist/node_modules/@napi-rs/canvas-linux-arm64-gnu": {
			"version": "0.1.100",
			"resolved": "https://registry.npmjs.org/@napi-rs/canvas-linux-arm64-gnu/-/canvas-linux-arm64-gnu-0.1.100.tgz",
			"integrity": "sha512-rDxgxRu69RvDlX/bh9o22DxLsGr8EqsNgotL9+RwQE1S0b0cqeatqsw6aW45mukm0B42DIAaAacKaYQ8cqS1nw==",
			"cpu": [
				"arm64"
			],
			"libc": [
				"glibc"
			],
			"license": "MIT",
			"optional": true,
			"os": [
				"linux"
			],
			"engines": {
				"node": ">= 10"
			},
			"funding": {
				"type": "github",
				"url": "https://github.com/sponsors/Brooooooklyn"
			}
		},
		"node_modules/pdfjs-dist/node_modules/@napi-rs/canvas-linux-arm64-musl": {
			"version": "0.1.100",
			"resolved": "https://registry.npmjs.org/@napi-rs/canvas-linux-arm64-musl/-/canvas-linux-arm64-musl-0.1.100.tgz",
			"integrity": "sha512-K3mDW66N+xT2/V439u1alFANiBUjdEx2gLiNYnCmUsva5jZMxWTjafBYwTzYK+EMFMHrUoabuU+T1BIP5CgbYQ==",
			"cpu": [
				"arm64"
			],
			"libc": [
				"musl"
			],
			"license": "MIT",
			"optional": true,
			"os": [
				"linux"
			],
			"engines": {
				"node": ">= 10"
			},
			"funding": {
				"type": "github",
				"url": "https://github.com/sponsors/Brooooooklyn"
			}
		},
		"node_modules/pdfjs-dist/node_modules/@napi-rs/canvas-linux-riscv64-gnu": {
			"version": "0.1.100",
			"resolved": "https://registry.npmjs.org/@napi-rs/canvas-linux-riscv64-gnu/-/canvas-linux-riscv64-gnu-0.1.100.tgz",
			"integrity": "sha512-mooqUBTIsccZpnoQC4NgrC1v6C1vof39etLNMnBwCY+p0gajWJvAHLGQ6g/gGyS5YrpDW+GefSN4+Cvcr08UWw==",
			"cpu": [
				"riscv64"
			],
			"libc": [
				"glibc"
			],
			"license": "MIT",
			"optional": true,
			"os": [
				"linux"
			],
			"engines": {
				"node": ">= 10"
			},
			"funding": {
				"type": "github",
				"url": "https://github.com/sponsors/Brooooooklyn"
			}
		},
		"node_modules/pdfjs-dist/node_modules/@napi-rs/canvas-linux-x64-gnu": {
			"version": "0.1.100",
			"resolved": "https://registry.npmjs.org/@napi-rs/canvas-linux-x64-gnu/-/canvas-linux-x64-gnu-0.1.100.tgz",
			"integrity": "sha512-1eCvkDCazm7FFhsT7DfGOdSaHgZVK3bt/dSBl5EWHOWmnz+I7j8tPseJqqD81NF+MH21jKUK4wQSDjN0mdhnTg==",
			"cpu": [
				"x64"
			],
			"libc": [
				"glibc"
			],
			"license": "MIT",
			"optional": true,
			"os": [
				"linux"
			],
			"engines": {
				"node": ">= 10"
			},
			"funding": {
				"type": "github",
				"url": "https://github.com/sponsors/Brooooooklyn"
			}
		},
		"node_modules/pdfjs-dist/node_modules/@napi-rs/canvas-linux-x64-musl": {
			"version": "0.1.100",
			"resolved": "https://registry.npmjs.org/@napi-rs/canvas-linux-x64-musl/-/canvas-linux-x64-musl-0.1.100.tgz",
			"integrity": "sha512-20arT6lnI19S68qNlii73TSEDbECNgzMz2EpldC1V3mZFuRkeujXkcebRk0LRJe9SEUAooYiLokfMViY8IX7yA==",
			"cpu": [
				"x64"
			],
			"libc": [
				"musl"
			],
			"license": "MIT",
			"optional": true,
			"os": [
				"linux"
			],
			"engines": {
				"node": ">= 10"
			},
			"funding": {
				"type": "github",
				"url": "https://github.com/sponsors/Brooooooklyn"
			}
		},
		"node_modules/pdfjs-dist/node_modules/@napi-rs/canvas-win32-arm64-msvc": {
			"version": "0.1.100",
			"resolved": "https://registry.npmjs.org/@napi-rs/canvas-win32-arm64-msvc/-/canvas-win32-arm64-msvc-0.1.100.tgz",
			"integrity": "sha512-DZFFT1wIAg37LJw37yhMRFfjATd3vTQzjZ1Yki8u2vhO6Hi5VE6BVaGQ1aaDu7xb4iMErz+9EOwjpS7xcxFeBw==",
			"cpu": [
				"arm64"
			],
			"license": "MIT",
			"optional": true,
			"os": [
				"win32"
			],
			"engines": {
				"node": ">= 10"
			},
			"funding": {
				"type": "github",
				"url": "https://github.com/sponsors/Brooooooklyn"
			}
		},
		"node_modules/pdfjs-dist/node_modules/@napi-rs/canvas-win32-x64-msvc": {
			"version": "0.1.100",
			"resolved": "https://registry.npmjs.org/@napi-rs/canvas-win32-x64-msvc/-/canvas-win32-x64-msvc-0.1.100.tgz",
			"integrity": "sha512-MyT1j3mHC2+Lu4pBi9mKyMJhtP6U7k7EldY7sj/uS5gJA65gTXt8MefJQXLJo5d/vZbuWmfxzkEUNc/urV3pHA==",
			"cpu": [
				"x64"
			],
			"license": "MIT",
			"optional": true,
			"os": [
				"win32"
			],
			"engines": {
				"node": ">= 10"
			},
			"funding": {
				"type": "github",
				"url": "https://github.com/sponsors/Brooooooklyn"
			}
		},
		"node_modules/semver": {
			"version": "7.8.5",
			"resolved": "https://registry.npmjs.org/semver/-/semver-7.8.5.tgz",
			"integrity": "sha512-Y7/KDsb8LjooZpwaqGyulO6DQlksgCncchHGk+sZIY4SBvUocMBEFH5Ur1fI4dV+Jvl0w6cjvucaIi40puRioA==",
			"license": "ISC",
			"bin": {
				"semver": "bin/semver.js"
			},
			"engines": {
				"node": ">=10"
			}
		},
		"node_modules/sharp": {
			"version": "0.34.5",
			"resolved": "https://registry.npmjs.org/sharp/-/sharp-0.34.5.tgz",
			"integrity": "sha512-Ou9I5Ft9WNcCbXrU9cMgPBcCK8LiwLqcbywW3t4oDV37n1pzpuNLsYiAV8eODnjbtQlSDwZ2cUEeQz4E54Hltg==",
			"hasInstallScript": true,
			"license": "Apache-2.0",
			"dependencies": {
				"@img/colour": "^1.0.0",
				"detect-libc": "^2.1.2",
				"semver": "^7.7.3"
			},
			"engines": {
				"node": "^18.17.0 || ^20.3.0 || >=21.0.0"
			},
			"funding": {
				"url": "https://opencollective.com/libvips"
			},
			"optionalDependencies": {
				"@img/sharp-darwin-arm64": "0.34.5",
				"@img/sharp-darwin-x64": "0.34.5",
				"@img/sharp-libvips-darwin-arm64": "1.2.4",
				"@img/sharp-libvips-darwin-x64": "1.2.4",
				"@img/sharp-libvips-linux-arm": "1.2.4",
				"@img/sharp-libvips-linux-arm64": "1.2.4",
				"@img/sharp-libvips-linux-ppc64": "1.2.4",
				"@img/sharp-libvips-linux-riscv64": "1.2.4",
				"@img/sharp-libvips-linux-s390x": "1.2.4",
				"@img/sharp-libvips-linux-x64": "1.2.4",
				"@img/sharp-libvips-linuxmusl-arm64": "1.2.4",
				"@img/sharp-libvips-linuxmusl-x64": "1.2.4",
				"@img/sharp-linux-arm": "0.34.5",
				"@img/sharp-linux-arm64": "0.34.5",
				"@img/sharp-linux-ppc64": "0.34.5",
				"@img/sharp-linux-riscv64": "0.34.5",
				"@img/sharp-linux-s390x": "0.34.5",
				"@img/sharp-linux-x64": "0.34.5",
				"@img/sharp-linuxmusl-arm64": "0.34.5",
				"@img/sharp-linuxmusl-x64": "0.34.5",
				"@img/sharp-wasm32": "0.34.5",
				"@img/sharp-win32-arm64": "0.34.5",
				"@img/sharp-win32-ia32": "0.34.5",
				"@img/sharp-win32-x64": "0.34.5"
			}
		},
		"node_modules/tslib": {
			"version": "2.8.1",
			"resolved": "https://registry.npmjs.org/tslib/-/tslib-2.8.1.tgz",
			"integrity": "sha512-oJFu94HQb+KVduSUQL7wnpmqnfmLsOA/nAh6b6EH0wCEoK0/mPeXU6c3wKDV83MkOuHPRHtSXKKU99IBazS/2w==",
			"license": "0BSD",
			"optional": true
		},
		"node_modules/tsx": {
			"version": "4.22.4",
			"resolved": "https://registry.npmjs.org/tsx/-/tsx-4.22.4.tgz",
			"integrity": "sha512-X8EX+XV4QR5xCsrgxaED954zTDfY8KqlDtskKEL0cHhyS/P8b4IFOvGDQpsC9Q1XnLq915wEfwwY/zzskCtmhg==",
			"dev": true,
			"license": "MIT",
			"dependencies": {
				"esbuild": "~0.28.0"
			},
			"bin": {
				"tsx": "dist/cli.mjs"
			},
			"engines": {
				"node": ">=18.0.0"
			},
			"optionalDependencies": {
				"fsevents": "~2.3.3"
			}
		},
		"node_modules/undici-types": {
			"version": "6.21.0",
			"resolved": "https://registry.npmjs.org/undici-types/-/undici-types-6.21.0.tgz",
			"integrity": "sha512-iwDZqg0QAGrg9Rav5H4n0M64c3mkR59cJ6wQp+7C4nI0gsmExaedaYLNO44eT4AtBBwjbTiGPMlt2Md0T9H9JQ==",
			"license": "MIT"
		}
	}
}
